
Microsoft Visual Studio Solution File, Format Version 12.00
# Visual Studio 2013
VisualStudioVersion = 12.0.31101.0
MinimumVisualStudioVersion = 10.0.40219.1
Project("{FAE04EC0-301F-11D3-BF4B-00C04F79EFBC}") = "MYARCH.CORE", "MYARCH.CORE\MYARCH.CORE.csproj", "{2DC320F4-2417-44CB-A68B-11955AD7943A}"
EndProject
Project("{2150E333-8FDC-42A3-9474-1A3956D46DE8}") = "Libraries", "Libraries", "{F5AE9213-30D6-4381-B5AF-A673882155FC}"
EndProject
Project("{FAE04EC0-301F-11D3-BF4B-00C04F79EFBC}") = "MYARCH.DATA", "MYARCH.DATA\MYARCH.DATA.csproj", "{97FF92B1-89DF-42F4-AE10-45E1559A1637}"
EndProject
Project("{FAE04EC0-301F-11D3-BF4B-00C04F79EFBC}") = "MYARCH.DTO", "MYARCH.DTO\MYARCH.DTO.csproj", "{717843D0-5231-4B3D-A7DE-79417271D428}"
EndProject
Project("{FAE04EC0-301F-11D3-BF4B-00C04F79EFBC}") = "MYARCH.IoC", "MYARCH.IoC\MYARCH.IoC.csproj", "{6D3E582E-8CEB-4205-BAFC-4A8D696470F1}"
EndProject
Project("{FAE04EC0-301F-11D3-BF4B-00C04F79EFBC}") = "MYARCH.SERVICES", "MYARCH.SERVICES\MYARCH.SERVICES.csproj", "{07BB9E48-CADF-409F-89FA-F9D816317AD6}"
EndProject
Project("{2150E333-8FDC-42A3-9474-1A3956D46DE8}") = "Plugins", "Plugins", "{9A54C51C-C29D-435F-8EFE-9C63EFC981F1}"
EndProject
Project("{FAE04EC0-301F-11D3-BF4B-00C04F79EFBC}") = "MYARCH.UTILITIES", "MYARCH.UTILITIES\MYARCH.UTILITIES.csproj", "{4DFF6EEE-1F61-4CAB-ACE7-589C0B849C89}"
EndProject
Project("{FAE04EC0-301F-11D3-BF4B-00C04F79EFBC}") = "MYARCH.WEB", "MYARCH.WEB\MYARCH.WEB.csproj", "{6F2F2E53-3054-4CA0-8552-25EB1E12C4BD}"
EndProject
Project("{2150E333-8FDC-42A3-9474-1A3956D46DE8}") = "Presentation", "Presentation", "{11A1CF40-1F1F-46F6-A9FF-458A1D02FF43}"
EndProject
Global
	GlobalSection(SolutionConfigurationPlatforms) = preSolution
		Debug|Any CPU = Debug|Any CPU
		Release|Any CPU = Release|Any CPU
	EndGlobalSection
	GlobalSection(ProjectConfigurationPlatforms) = postSolution
		{2DC320F4-2417-44CB-A68B-11955AD7943A}.Debug|Any CPU.ActiveCfg = Debug|Any CPU
		{2DC320F4-2417-44CB-A68B-11955AD7943A}.Debug|Any CPU.Build.0 = Debug|Any CPU
		{2DC320F4-2417-44CB-A68B-11955AD7943A}.Release|Any CPU.ActiveCfg = Release|Any CPU
		{2DC320F4-2417-44CB-A68B-11955AD7943A}.Release|Any CPU.Build.0 = Release|Any CPU
		{97FF92B1-89DF-42F4-AE10-45E1559A1637}.Debug|Any CPU.ActiveCfg = Debug|Any CPU
		{97FF92B1-89DF-42F4-AE10-45E1559A1637}.Debug|Any CPU.Build.0 = Debug|Any CPU
		{97FF92B1-89DF-42F4-AE10-45E1559A1637}.Release|Any CPU.ActiveCfg = Release|Any CPU
		{97FF92B1-89DF-42F4-AE10-45E1559A1637}.Release|Any CPU.Build.0 = Release|Any CPU
		{717843D0-5231-4B3D-A7DE-79417271D428}.Debug|Any CPU.ActiveCfg = Debug|Any CPU
		{717843D0-5231-4B3D-A7DE-79417271D428}.Debug|Any CPU.Build.0 = Debug|Any CPU
		{717843D0-5231-4B3D-A7DE-79417271D428}.Release|Any CPU.ActiveCfg = Release|Any CPU
		{717843D0-5231-4B3D-A7DE-79417271D428}.Release|Any CPU.Build.0 = Release|Any CPU
		{6D3E582E-8CEB-4205-BAFC-4A8D696470F1}.Debug|Any CPU.ActiveCfg = Debug|Any CPU
		{6D3E582E-8CEB-4205-BAFC-4A8D696470F1}.Debug|Any CPU.Build.0 = Debug|Any CPU
		{6D3E582E-8CEB-4205-BAFC-4A8D696470F1}.Release|Any CPU.ActiveCfg = Release|Any CPU
		{6D3E582E-8CEB-4205-BAFC-4A8D696470F1}.Release|Any CPU.Build.0 = Release|Any CPU
		{07BB9E48-CADF-409F-89FA-F9D816317AD6}.Debug|Any CPU.ActiveCfg = Debug|Any CPU
		{07BB9E48-CADF-409F-89FA-F9D816317AD6}.Debug|Any CPU.Build.0 = Debug|Any CPU
		{07BB9E48-CADF-409F-89FA-F9D816317AD6}.Release|Any CPU.ActiveCfg = Release|Any CPU
		{07BB9E48-CADF-409F-89FA-F9D816317AD6}.Release|Any CPU.Build.0 = Release|Any CPU
		{4DFF6EEE-1F61-4CAB-ACE7-589C0B849C89}.Debug|Any CPU.ActiveCfg = Debug|Any CPU
		{4DFF6EEE-1F61-4CAB-ACE7-589C0B849C89}.Debug|Any CPU.Build.0 = Debug|Any CPU
		{4DFF6EEE-1F61-4CAB-ACE7-589C0B849C89}.Release|Any CPU.ActiveCfg = Release|Any CPU
		{4DFF6EEE-1F61-4CAB-ACE7-589C0B849C89}.Release|Any CPU.Build.0 = Release|Any CPU
		{6F2F2E53-3054-4CA0-8552-25EB1E12C4BD}.Debug|Any CPU.ActiveCfg = Debug|Any CPU
		{6F2F2E53-3054-4CA0-8552-25EB1E12C4BD}.Debug|Any CPU.Build.0 = Debug|Any CPU
		{6F2F2E53-3054-4CA0-8552-25EB1E12C4BD}.Release|Any CPU.ActiveCfg = Release|Any CPU
		{6F2F2E53-3054-4CA0-8552-25EB1E12C4BD}.Release|Any CPU.Build.0 = Release|Any CPU
	EndGlobalSection
	GlobalSection(SolutionProperties) = preSolution
		HideSolutionNode = FALSE
	EndGlobalSection
	GlobalSection(NestedProjects) = preSolution
		{2DC320F4-2417-44CB-A68B-11955AD7943A} = {F5AE9213-30D6-4381-B5AF-A673882155FC}
		{97FF92B1-89DF-42F4-AE10-45E1559A1637} = {F5AE9213-30D6-4381-B5AF-A673882155FC}
		{717843D0-5231-4B3D-A7DE-79417271D428} = {F5AE9213-30D6-4381-B5AF-A673882155FC}
		{6D3E582E-8CEB-4205-BAFC-4A8D696470F1} = {F5AE9213-30D6-4381-B5AF-A673882155FC}
		{07BB9E48-CADF-409F-89FA-F9D816317AD6} = {F5AE9213-30D6-4381-B5AF-A673882155FC}
		{4DFF6EEE-1F61-4CAB-ACE7-589C0B849C89} = {9A54C51C-C29D-435F-8EFE-9C63EFC981F1}
		{6F2F2E53-3054-4CA0-8552-25EB1E12C4BD} = {11A1CF40-1F1F-46F6-A9FF-458A1D02FF43}
	EndGlobalSection
EndGlobal
